
Microsoft Visual Studio Solution File, Format Version 12.00
# Visual Studio Version 16
VisualStudioVersion = 16.0.30717.126
MinimumVisualStudioVersion = 10.0.40219.1
Project("{FAE04EC0-301F-11D3-BF4B-00C04F79EFBC}") = "Coppel", "Coppel\Coppel.csproj", "{CBE11EBC-37ED-442D-B01F-A017991DD676}"
EndProject
Global
	GlobalSection(SolutionConfigurationPlatforms) = preSolution
		Debug|Any CPU = Debug|Any CPU
		Release|Any CPU = Release|Any CPU
	EndGlobalSection
	GlobalSection(ProjectConfigurationPlatforms) = postSolution
		{CBE11EBC-37ED-442D-B01F-A017991DD676}.Debug|Any CPU.ActiveCfg = Debug|Any CPU
		{CBE11EBC-37ED-442D-B01F-A017991DD676}.Debug|Any CPU.Build.0 = Debug|Any CPU
		{CBE11EBC-37ED-442D-B01F-A017991DD676}.Release|Any CPU.ActiveCfg = Release|Any CPU
		{CBE11EBC-37ED-442D-B01F-A017991DD676}.Release|Any CPU.Build.0 = Release|Any CPU
	EndGlobalSection
	GlobalSection(SolutionProperties) = preSolution
		HideSolutionNode = FALSE
	EndGlobalSection
	GlobalSection(ExtensibilityGlobals) = postSolution
		SolutionGuid = {F3D94C25-089F-4149-9355-861BC70CE80C}
	EndGlobalSection
EndGlobal
